// !$*UTF8*$!
{
	archiveVersion = 1;
	classes = {
	};
	objectVersion = 55;
	objects = {

/* Begin PBXBuildFile section */
		40926EE4282760A80027A51C /* AppDelegate.swift in Sources */ = {isa = PBXBuildFile; fileRef = 40926EE3282760A80027A51C /* AppDelegate.swift */; };
		40926EE6282760A80027A51C /* SceneDelegate.swift in Sources */ = {isa = PBXBuildFile; fileRef = 40926EE5282760A80027A51C /* SceneDelegate.swift */; };
		40926EEB282760A80027A51C /* Main.storyboard in Resources */ = {isa = PBXBuildFile; fileRef = 40926EE9282760A80027A51C /* Main.storyboard */; };
		40926EED282760A80027A51C /* Assets.xcassets in Resources */ = {isa = PBXBuildFile; fileRef = 40926EEC282760A80027A51C /* Assets.xcassets */; };
		40926EF0282760A80027A51C /* LaunchScreen.storyboard in Resources */ = {isa = PBXBuildFile; fileRef = 40926EEE282760A80027A51C /* LaunchScreen.storyboard */; };
		40926EF8282761350027A51C /* HomeViewController.swift in Sources */ = {isa = PBXBuildFile; fileRef = 40926EF7282761350027A51C /* HomeViewController.swift */; };
		40926EFA2827615D0027A51C /* SearchViewController.swift in Sources */ = {isa = PBXBuildFile; fileRef = 40926EF92827615D0027A51C /* SearchViewController.swift */; };
		40926EFC2827616D0027A51C /* TravelViewController.swift in Sources */ = {isa = PBXBuildFile; fileRef = 40926EFB2827616D0027A51C /* TravelViewController.swift */; };
		40926EFE2827617A0027A51C /* ShoppingViewController.swift in Sources */ = {isa = PBXBuildFile; fileRef = 40926EFD2827617A0027A51C /* ShoppingViewController.swift */; };
		40926F00282761850027A51C /* MyPageViewController.swift in Sources */ = {isa = PBXBuildFile; fileRef = 40926EFF282761850027A51C /* MyPageViewController.swift */; };
		40926F02282762640027A51C /* TabBarController.swift in Sources */ = {isa = PBXBuildFile; fileRef = 40926F01282762640027A51C /* TabBarController.swift */; };
		40926F08282768B40027A51C /* HomeTableViewCell.swift in Sources */ = {isa = PBXBuildFile; fileRef = 40926F06282768B40027A51C /* HomeTableViewCell.swift */; };
		40926F09282768B40027A51C /* HomeTableViewCell.xib in Resources */ = {isa = PBXBuildFile; fileRef = 40926F07282768B40027A51C /* HomeTableViewCell.xib */; };
		40926F2D2828996A0027A51C /* pc.json in Resources */ = {isa = PBXBuildFile; fileRef = 40926F2C2828996A0027A51C /* pc.json */; };
		40926F2F2828A4C20027A51C /* car.json in Resources */ = {isa = PBXBuildFile; fileRef = 40926F2E2828A4C20027A51C /* car.json */; };
		40926F322828A85F0027A51C /* TravelTableViewCell.swift in Sources */ = {isa = PBXBuildFile; fileRef = 40926F302828A85F0027A51C /* TravelTableViewCell.swift */; };
		40926F332828A85F0027A51C /* TravelTableViewCell.xib in Resources */ = {isa = PBXBuildFile; fileRef = 40926F312828A85F0027A51C /* TravelTableViewCell.xib */; };
		40D3EE86282B52B8006BE994 /* Home.storyboard in Resources */ = {isa = PBXBuildFile; fileRef = 40D3EE85282B52B8006BE994 /* Home.storyboard */; };
		40D3EE88282B5318006BE994 /* Search.storyboard in Resources */ = {isa = PBXBuildFile; fileRef = 40D3EE87282B5318006BE994 /* Search.storyboard */; };
		40D3EE8A282B537F006BE994 /* Travel.storyboard in Resources */ = {isa = PBXBuildFile; fileRef = 40D3EE89282B537F006BE994 /* Travel.storyboard */; };
		40D3EE8C282B53D9006BE994 /* Shopping.storyboard in Resources */ = {isa = PBXBuildFile; fileRef = 40D3EE8B282B53D9006BE994 /* Shopping.storyboard */; };
		40D3EE8E282B5440006BE994 /* MyPage.storyboard in Resources */ = {isa = PBXBuildFile; fileRef = 40D3EE8D282B5440006BE994 /* MyPage.storyboard */; };
		40D3EE92282BA0F8006BE994 /* ConstantsData.swift in Sources */ = {isa = PBXBuildFile; fileRef = 40D3EE91282BA0F8006BE994 /* ConstantsData.swift */; };
		DAEF4542B63814414691E5AD /* Pods_HardOffApp.framework in Frameworks */ = {isa = PBXBuildFile; fileRef = 801265A387BE1B74F8A923C4 /* Pods_HardOffApp.framework */; };
/* End PBXBuildFile section */

/* Begin PBXFileReference section */
		2FDD2FCCFAF22A453104751E /* Pods-HardOffApp.debug.xcconfig */ = {isa = PBXFileReference; includeInIndex = 1; lastKnownFileType = text.xcconfig; name = "Pods-HardOffApp.debug.xcconfig"; path = "Target Support Files/Pods-HardOffApp/Pods-HardOffApp.debug.xcconfig"; sourceTree = "<group>"; };
		40926EE0282760A80027A51C /* HardOffApp.app */ = {isa = PBXFileReference; explicitFileType = wrapper.application; includeInIndex = 0; path = HardOffApp.app; sourceTree = BUILT_PRODUCTS_DIR; };
		40926EE3282760A80027A51C /* AppDelegate.swift */ = {isa = PBXFileReference; lastKnownFileType = sourcecode.swift; path = AppDelegate.swift; sourceTree = "<group>"; };
		40926EE5282760A80027A51C /* SceneDelegate.swift */ = {isa = PBXFileReference; lastKnownFileType = sourcecode.swift; path = SceneDelegate.swift; sourceTree = "<group>"; };
		40926EEA282760A80027A51C /* Base */ = {isa = PBXFileReference; lastKnownFileType = file.storyboard; name = Base; path = Base.lproj/Main.storyboard; sourceTree = "<group>"; };
		40926EEC282760A80027A51C /* Assets.xcassets */ = {isa = PBXFileReference; lastKnownFileType = folder.assetcatalog; path = Assets.xcassets; sourceTree = "<group>"; };
		40926EEF282760A80027A51C /* Base */ = {isa = PBXFileReference; lastKnownFileType = file.storyboard; name = Base; path = Base.lproj/LaunchScreen.storyboard; sourceTree = "<group>"; };
		40926EF1282760A80027A51C /* Info.plist */ = {isa = PBXFileReference; lastKnownFileType = text.plist.xml; path = Info.plist; sourceTree = "<group>"; };
		40926EF7282761350027A51C /* HomeViewController.swift */ = {isa = PBXFileReference; lastKnownFileType = sourcecode.swift; path = HomeViewController.swift; sourceTree = "<group>"; };
		40926EF92827615D0027A51C /* SearchViewController.swift */ = {isa = PBXFileReference; lastKnownFileType = sourcecode.swift; path = SearchViewController.swift; sourceTree = "<group>"; };
		40926EFB2827616D0027A51C /* TravelViewController.swift */ = {isa = PBXFileReference; lastKnownFileType = sourcecode.swift; path = TravelViewController.swift; sourceTree = "<group>"; };
		40926EFD2827617A0027A51C /* ShoppingViewController.swift */ = {isa = PBXFileReference; lastKnownFileType = sourcecode.swift; path = ShoppingViewController.swift; sourceTree = "<group>"; };
		40926EFF282761850027A51C /* MyPageViewController.swift */ = {isa = PBXFileReference; lastKnownFileType = sourcecode.swift; path = MyPageViewController.swift; sourceTree = "<group>"; };
		40926F01282762640027A51C /* TabBarController.swift */ = {isa = PBXFileReference; lastKnownFileType = sourcecode.swift; path = TabBarController.swift; sourceTree = "<group>"; };
		40926F06282768B40027A51C /* HomeTableViewCell.swift */ = {isa = PBXFileReference; lastKnownFileType = sourcecode.swift; path = HomeTableViewCell.swift; sourceTree = "<group>"; };
		40926F07282768B40027A51C /* HomeTableViewCell.xib */ = {isa = PBXFileReference; lastKnownFileType = file.xib; path = HomeTableViewCell.xib; sourceTree = "<group>"; };
		40926F2C2828996A0027A51C /* pc.json */ = {isa = PBXFileReference; fileEncoding = 4; lastKnownFileType = text.json; path = pc.json; sourceTree = "<group>"; };
		40926F2E2828A4C20027A51C /* car.json */ = {isa = PBXFileReference; fileEncoding = 4; lastKnownFileType = text.json; path = car.json; sourceTree = "<group>"; };
		40926F302828A85F0027A51C /* TravelTableViewCell.swift */ = {isa = PBXFileReference; lastKnownFileType = sourcecode.swift; path = TravelTableViewCell.swift; sourceTree = "<group>"; };
		40926F312828A85F0027A51C /* TravelTableViewCell.xib */ = {isa = PBXFileReference; lastKnownFileType = file.xib; path = TravelTableViewCell.xib; sourceTree = "<group>"; };
		40D3EE85282B52B8006BE994 /* Home.storyboard */ = {isa = PBXFileReference; lastKnownFileType = file.storyboard; path = Home.storyboard; sourceTree = "<group>"; };
		40D3EE87282B5318006BE994 /* Search.storyboard */ = {isa = PBXFileReference; lastKnownFileType = file.storyboard; path = Search.storyboard; sourceTree = "<group>"; };
		40D3EE89282B537F006BE994 /* Travel.storyboard */ = {isa = PBXFileReference; lastKnownFileType = file.storyboard; path = Travel.storyboard; sourceTree = "<group>"; };
		40D3EE8B282B53D9006BE994 /* Shopping.storyboard */ = {isa = PBXFileReference; lastKnownFileType = file.storyboard; path = Shopping.storyboard; sourceTree = "<group>"; };
		40D3EE8D282B5440006BE994 /* MyPage.storyboard */ = {isa = PBXFileReference; lastKnownFileType = file.storyboard; path = MyPage.storyboard; sourceTree = "<group>"; };
		40D3EE91282BA0F8006BE994 /* ConstantsData.swift */ = {isa = PBXFileReference; lastKnownFileType = sourcecode.swift; path = ConstantsData.swift; sourceTree = "<group>"; };
		6155C08BE4CB27FC365BFB04 /* Pods-HardOffApp.release.xcconfig */ = {isa = PBXFileReference; includeInIndex = 1; lastKnownFileType = text.xcconfig; name = "Pods-HardOffApp.release.xcconfig"; path = "Target Support Files/Pods-HardOffApp/Pods-HardOffApp.release.xcconfig"; sourceTree = "<group>"; };
		801265A387BE1B74F8A923C4 /* Pods_HardOffApp.framework */ = {isa = PBXFileReference; explicitFileType = wrapper.framework; includeInIndex = 0; path = Pods_HardOffApp.framework; sourceTree = BUILT_PRODUCTS_DIR; };
/* End PBXFileReference section */

/* Begin PBXFrameworksBuildPhase section */
		40926EDD282760A80027A51C /* Frameworks */ = {
			isa = PBXFrameworksBuildPhase;
			buildActionMask = 2147483647;
			files = (
				DAEF4542B63814414691E5AD /* Pods_HardOffApp.framework in Frameworks */,
			);
			runOnlyForDeploymentPostprocessing = 0;
		};
/* End PBXFrameworksBuildPhase section */

/* Begin PBXGroup section */
		247C6E959AC4E5627522048D /* Frameworks */ = {
			isa = PBXGroup;
			children = (
				801265A387BE1B74F8A923C4 /* Pods_HardOffApp.framework */,
			);
			name = Frameworks;
			sourceTree = "<group>";
		};
		40926ED7282760A80027A51C = {
			isa = PBXGroup;
			children = (
				40926EE2282760A80027A51C /* HardOffApp */,
				40926EE1282760A80027A51C /* Products */,
				D3102D69010FF053D8C7AB23 /* Pods */,
				247C6E959AC4E5627522048D /* Frameworks */,
			);
			sourceTree = "<group>";
		};
		40926EE1282760A80027A51C /* Products */ = {
			isa = PBXGroup;
			children = (
				40926EE0282760A80027A51C /* HardOffApp.app */,
			);
			name = Products;
			sourceTree = "<group>";
		};
		40926EE2282760A80027A51C /* HardOffApp */ = {
			isa = PBXGroup;
			children = (
				40926EE3282760A80027A51C /* AppDelegate.swift */,
				40926EE5282760A80027A51C /* SceneDelegate.swift */,
				40926F052827686A0027A51C /* Model */,
				40926F04282768610027A51C /* View */,
				40926F03282768320027A51C /* Controller */,
				40926EF1282760A80027A51C /* Info.plist */,
				40926F2C2828996A0027A51C /* pc.json */,
				40926F2E2828A4C20027A51C /* car.json */,
			);
			path = HardOffApp;
			sourceTree = "<group>";
		};
		40926F03282768320027A51C /* Controller */ = {
			isa = PBXGroup;
			children = (
				40926F01282762640027A51C /* TabBarController.swift */,
				40926EF7282761350027A51C /* HomeViewController.swift */,
				40926EF92827615D0027A51C /* SearchViewController.swift */,
				40926EFB2827616D0027A51C /* TravelViewController.swift */,
				40926EFD2827617A0027A51C /* ShoppingViewController.swift */,
				40926EFF282761850027A51C /* MyPageViewController.swift */,
				40D3EE90282B5740006BE994 /* Cell Style */,
			);
			path = Controller;
			sourceTree = "<group>";
		};
		40926F04282768610027A51C /* View */ = {
			isa = PBXGroup;
			children = (
				40926EE9282760A80027A51C /* Main.storyboard */,
				40D3EE85282B52B8006BE994 /* Home.storyboard */,
				40D3EE87282B5318006BE994 /* Search.storyboard */,
				40D3EE89282B537F006BE994 /* Travel.storyboard */,
				40D3EE8B282B53D9006BE994 /* Shopping.storyboard */,
				40D3EE8D282B5440006BE994 /* MyPage.storyboard */,
				40D3EE8F282B55AC006BE994 /* Cell Style */,
				40926EEE282760A80027A51C /* LaunchScreen.storyboard */,
				40926EEC282760A80027A51C /* Assets.xcassets */,
			);
			path = View;
			sourceTree = "<group>";
		};
		40926F052827686A0027A51C /* Model */ = {
			isa = PBXGroup;
			children = (
				40D3EE91282BA0F8006BE994 /* ConstantsData.swift */,
			);
			path = Model;
			sourceTree = "<group>";
		};
		40D3EE8F282B55AC006BE994 /* Cell Style */ = {
			isa = PBXGroup;
			children = (
				40926F07282768B40027A51C /* HomeTableViewCell.xib */,
				40926F312828A85F0027A51C /* TravelTableViewCell.xib */,
			);
			path = "Cell Style";
			sourceTree = "<group>";
		};
		40D3EE90282B5740006BE994 /* Cell Style */ = {
			isa = PBXGroup;
			children = (
				40926F06282768B40027A51C /* HomeTableViewCell.swift */,
				40926F302828A85F0027A51C /* TravelTableViewCell.swift */,
			);
			path = "Cell Style";
			sourceTree = "<group>";
		};
		D3102D69010FF053D8C7AB23 /* Pods */ = {
			isa = PBXGroup;
			children = (
				2FDD2FCCFAF22A453104751E /* Pods-HardOffApp.debug.xcconfig */,
				6155C08BE4CB27FC365BFB04 /* Pods-HardOffApp.release.xcconfig */,
			);
			path = Pods;
			sourceTree = "<group>";
		};
/* End PBXGroup section */

/* Begin PBXNativeTarget section */
		40926EDF282760A80027A51C /* HardOffApp */ = {
			isa = PBXNativeTarget;
			buildConfigurationList = 40926EF4282760A80027A51C /* Build configuration list for PBXNativeTarget "HardOffApp" */;
			buildPhases = (
				EC149BD0235E66044411F14E /* [CP] Check Pods Manifest.lock */,
				40926EDC282760A80027A51C /* Sources */,
				40926EDD282760A80027A51C /* Frameworks */,
				40926EDE282760A80027A51C /* Resources */,
				F5B0E49722370E2002D603A6 /* [CP] Embed Pods Frameworks */,
			);
			buildRules = (
			);
			dependencies = (
			);
			name = HardOffApp;
			productName = HardOffApp;
			productReference = 40926EE0282760A80027A51C /* HardOffApp.app */;
			productType = "com.apple.product-type.application";
		};
/* End PBXNativeTarget section */

/* Begin PBXProject section */
		40926ED8282760A80027A51C /* Project object */ = {
			isa = PBXProject;
			attributes = {
				BuildIndependentTargetsInParallel = 1;
				LastSwiftUpdateCheck = 1330;
				LastUpgradeCheck = 1330;
				TargetAttributes = {
					40926EDF282760A80027A51C = {
						CreatedOnToolsVersion = 13.3;
					};
				};
			};
			buildConfigurationList = 40926EDB282760A80027A51C /* Build configuration list for PBXProject "HardOffApp" */;
			compatibilityVersion = "Xcode 13.0";
			developmentRegion = en;
			hasScannedForEncodings = 0;
			knownRegions = (
				en,
				Base,
			);
			mainGroup = 40926ED7282760A80027A51C;
			productRefGroup = 40926EE1282760A80027A51C /* Products */;
			projectDirPath = "";
			projectRoot = "";
			targets = (
				40926EDF282760A80027A51C /* HardOffApp */,
			);
		};
/* End PBXProject section */

/* Begin PBXResourcesBuildPhase section */
		40926EDE282760A80027A51C /* Resources */ = {
			isa = PBXResourcesBuildPhase;
			buildActionMask = 2147483647;
			files = (
				40926EF0282760A80027A51C /* LaunchScreen.storyboard in Resources */,
				40926F332828A85F0027A51C /* TravelTableViewCell.xib in Resources */,
				40926EED282760A80027A51C /* Assets.xcassets in Resources */,
				40D3EE8C282B53D9006BE994 /* Shopping.storyboard in Resources */,
				40926F2F2828A4C20027A51C /* car.json in Resources */,
				40D3EE88282B5318006BE994 /* Search.storyboard in Resources */,
				40926F09282768B40027A51C /* HomeTableViewCell.xib in Resources */,
				40D3EE8E282B5440006BE994 /* MyPage.storyboard in Resources */,
				40926F2D2828996A0027A51C /* pc.json in Resources */,
				40926EEB282760A80027A51C /* Main.storyboard in Resources */,
				40D3EE8A282B537F006BE994 /* Travel.storyboard in Resources */,
				40D3EE86282B52B8006BE994 /* Home.storyboard in Resources */,
			);
			runOnlyForDeploymentPostprocessing = 0;
		};
/* End PBXResourcesBuildPhase section */

/* Begin PBXShellScriptBuildPhase section */
		EC149BD0235E66044411F14E /* [CP] Check Pods Manifest.lock */ = {
			isa = PBXShellScriptBuildPhase;
			buildActionMask = 2147483647;
			files = (
			);
			inputFileListPaths = (
			);
			inputPaths = (
				"${PODS_PODFILE_DIR_PATH}/Podfile.lock",
				"${PODS_ROOT}/Manifest.lock",
			);
			name = "[CP] Check Pods Manifest.lock";
			outputFileListPaths = (
			);
			outputPaths = (
				"$(DERIVED_FILE_DIR)/Pods-HardOffApp-checkManifestLockResult.txt",
			);
			runOnlyForDeploymentPostprocessing = 0;
			shellPath = /bin/sh;
			shellScript = "diff \"${PODS_PODFILE_DIR_PATH}/Podfile.lock\" \"${PODS_ROOT}/Manifest.lock\" > /dev/null\nif [ $? != 0 ] ; then\n    # print error to STDERR\n    echo \"error: The sandbox is not in sync with the Podfile.lock. Run 'pod install' or update your CocoaPods installation.\" >&2\n    exit 1\nfi\n# This output is used by Xcode 'outputs' to avoid re-running this script phase.\necho \"SUCCESS\" > \"${SCRIPT_OUTPUT_FILE_0}\"\n";
			showEnvVarsInLog = 0;
		};
		F5B0E49722370E2002D603A6 /* [CP] Embed Pods Frameworks */ = {
			isa = PBXShellScriptBuildPhase;
			buildActionMask = 2147483647;
			files = (
			);
			inputFileListPaths = (
				"${PODS_ROOT}/Target Support Files/Pods-HardOffApp/Pods-HardOffApp-frameworks-${CONFIGURATION}-input-files.xcfilelist",
			);
			name = "[CP] Embed Pods Frameworks";
			outputFileListPaths = (
				"${PODS_ROOT}/Target Support Files/Pods-HardOffApp/Pods-HardOffApp-frameworks-${CONFIGURATION}-output-files.xcfilelist",
			);
			runOnlyForDeploymentPostprocessing = 0;
			shellPath = /bin/sh;
			shellScript = "\"${PODS_ROOT}/Target Support Files/Pods-HardOffApp/Pods-HardOffApp-frameworks.sh\"\n";
			showEnvVarsInLog = 0;
		};
/* End PBXShellScriptBuildPhase section */

/* Begin PBXSourcesBuildPhase section */
		40926EDC282760A80027A51C /* Sources */ = {
			isa = PBXSourcesBuildPhase;
			buildActionMask = 2147483647;
			files = (
				40926EE4282760A80027A51C /* AppDelegate.swift in Sources */,
				40926F02282762640027A51C /* TabBarController.swift in Sources */,
				40926EE6282760A80027A51C /* SceneDelegate.swift in Sources */,
				40926F322828A85F0027A51C /* TravelTableViewCell.swift in Sources */,
				40926F00282761850027A51C /* MyPageViewController.swift in Sources */,
				40926EFA2827615D0027A51C /* SearchViewController.swift in Sources */,
				40926EF8282761350027A51C /* HomeViewController.swift in Sources */,
				40926F08282768B40027A51C /* HomeTableViewCell.swift in Sources */,
				40926EFE2827617A0027A51C /* ShoppingViewController.swift in Sources */,
				40926EFC2827616D0027A51C /* TravelViewController.swift in Sources */,
				40D3EE92282BA0F8006BE994 /* ConstantsData.swift in Sources */,
			);
			runOnlyForDeploymentPostprocessing = 0;
		};
/* End PBXSourcesBuildPhase section */

/* Begin PBXVariantGroup section */
		40926EE9282760A80027A51C /* Main.storyboard */ = {
			isa = PBXVariantGroup;
			children = (
				40926EEA282760A80027A51C /* Base */,
			);
			name = Main.storyboard;
			sourceTree = "<group>";
		};
		40926EEE282760A80027A51C /* LaunchScreen.storyboard */ = {
			isa = PBXVariantGroup;
			children = (
				40926EEF282760A80027A51C /* Base */,
			);
			name = LaunchScreen.storyboard;
			sourceTree = "<group>";
		};
/* End PBXVariantGroup section */

/* Begin XCBuildConfiguration section */
		40926EF2282760A80027A51C /* Debug */ = {
			isa = XCBuildConfiguration;
			buildSettings = {
				ALWAYS_SEARCH_USER_PATHS = NO;
				CLANG_ANALYZER_NONNULL = YES;
				CLANG_ANALYZER_NUMBER_OBJECT_CONVERSION = YES_AGGRESSIVE;
				CLANG_CXX_LANGUAGE_STANDARD = "gnu++17";
				CLANG_ENABLE_MODULES = YES;
				CLANG_ENABLE_OBJC_ARC = YES;
				CLANG_ENABLE_OBJC_WEAK = YES;
				CLANG_WARN_BLOCK_CAPTURE_AUTORELEASING = YES;
				CLANG_WARN_BOOL_CONVERSION = YES;
				CLANG_WARN_COMMA = YES;
				CLANG_WARN_CONSTANT_CONVERSION = YES;
				CLANG_WARN_DEPRECATED_OBJC_IMPLEMENTATIONS = YES;
				CLANG_WARN_DIRECT_OBJC_ISA_USAGE = YES_ERROR;
				CLANG_WARN_DOCUMENTATION_COMMENTS = YES;
				CLANG_WARN_EMPTY_BODY = YES;
				CLANG_WARN_ENUM_CONVERSION = YES;
				CLANG_WARN_INFINITE_RECURSION = YES;
				CLANG_WARN_INT_CONVERSION = YES;
				CLANG_WARN_NON_LITERAL_NULL_CONVERSION = YES;
				CLANG_WARN_OBJC_IMPLICIT_RETAIN_SELF = YES;
				CLANG_WARN_OBJC_LITERAL_CONVERSION = YES;
				CLANG_WARN_OBJC_ROOT_CLASS = YES_ERROR;
				CLANG_WARN_QUOTED_INCLUDE_IN_FRAMEWORK_HEADER = YES;
				CLANG_WARN_RANGE_LOOP_ANALYSIS = YES;
				CLANG_WARN_STRICT_PROTOTYPES = YES;
				CLANG_WARN_SUSPICIOUS_MOVE = YES;
				CLANG_WARN_UNGUARDED_AVAILABILITY = YES_AGGRESSIVE;
				CLANG_WARN_UNREACHABLE_CODE = YES;
				CLANG_WARN__DUPLICATE_METHOD_MATCH = YES;
				COPY_PHASE_STRIP = NO;
				DEBUG_INFORMATION_FORMAT = dwarf;
				ENABLE_STRICT_OBJC_MSGSEND = YES;
				ENABLE_TESTABILITY = YES;
				GCC_C_LANGUAGE_STANDARD = gnu11;
				GCC_DYNAMIC_NO_PIC = NO;
				GCC_NO_COMMON_BLOCKS = YES;
				GCC_OPTIMIZATION_LEVEL = 0;
				GCC_PREPROCESSOR_DEFINITIONS = (
					"DEBUG=1",
					"$(inherited)",
				);
				GCC_WARN_64_TO_32_BIT_CONVERSION = YES;
				GCC_WARN_ABOUT_RETURN_TYPE = YES_ERROR;
				GCC_WARN_UNDECLARED_SELECTOR = YES;
				GCC_WARN_UNINITIALIZED_AUTOS = YES_AGGRESSIVE;
				GCC_WARN_UNUSED_FUNCTION = YES;
				GCC_WARN_UNUSED_VARIABLE = YES;
				IPHONEOS_DEPLOYMENT_TARGET = 15.4;
				MTL_ENABLE_DEBUG_INFO = INCLUDE_SOURCE;
				MTL_FAST_MATH = YES;
				ONLY_ACTIVE_ARCH = YES;
				SDKROOT = iphoneos;
				SWIFT_ACTIVE_COMPILATION_CONDITIONS = DEBUG;
				SWIFT_OPTIMIZATION_LEVEL = "-Onone";
			};
			name = Debug;
		};
		40926EF3282760A80027A51C /* Release */ = {
			isa = XCBuildConfiguration;
			buildSettings = {
				ALWAYS_SEARCH_USER_PATHS = NO;
				CLANG_ANALYZER_NONNULL = YES;
				CLANG_ANALYZER_NUMBER_OBJECT_CONVERSION = YES_AGGRESSIVE;
				CLANG_CXX_LANGUAGE_STANDARD = "gnu++17";
				CLANG_ENABLE_MODULES = YES;
				CLANG_ENABLE_OBJC_ARC = YES;
				CLANG_ENABLE_OBJC_WEAK = YES;
				CLANG_WARN_BLOCK_CAPTURE_AUTORELEASING = YES;
				CLANG_WARN_BOOL_CONVERSION = YES;
				CLANG_WARN_COMMA = YES;
				CLANG_WARN_CONSTANT_CONVERSION = YES;
				CLANG_WARN_DEPRECATED_OBJC_IMPLEMENTATIONS = YES;
				CLANG_WARN_DIRECT_OBJC_ISA_USAGE = YES_ERROR;
				CLANG_WARN_DOCUMENTATION_COMMENTS = YES;
				CLANG_WARN_EMPTY_BODY = YES;
				CLANG_WARN_ENUM_CONVERSION = YES;
				CLANG_WARN_INFINITE_RECURSION = YES;
				CLANG_WARN_INT_CONVERSION = YES;
				CLANG_WARN_NON_LITERAL_NULL_CONVERSION = YES;
				CLANG_WARN_OBJC_IMPLICIT_RETAIN_SELF = YES;
				CLANG_WARN_OBJC_LITERAL_CONVERSION = YES;
				CLANG_WARN_OBJC_ROOT_CLASS = YES_ERROR;
				CLANG_WARN_QUOTED_INCLUDE_IN_FRAMEWORK_HEADER = YES;
				CLANG_WARN_RANGE_LOOP_ANALYSIS = YES;
				CLANG_WARN_STRICT_PROTOTYPES = YES;
				CLANG_WARN_SUSPICIOUS_MOVE = YES;
				CLANG_WARN_UNGUARDED_AVAILABILITY = YES_AGGRESSIVE;
				CLANG_WARN_UNREACHABLE_CODE = YES;
				CLANG_WARN__DUPLICATE_METHOD_MATCH = YES;
				COPY_PHASE_STRIP = NO;
				DEBUG_INFORMATION_FORMAT = "dwarf-with-dsym";
				ENABLE_NS_ASSERTIONS = NO;
				ENABLE_STRICT_OBJC_MSGSEND = YES;
				GCC_C_LANGUAGE_STANDARD = gnu11;
				GCC_NO_COMMON_BLOCKS = YES;
				GCC_WARN_64_TO_32_BIT_CONVERSION = YES;
				GCC_WARN_ABOUT_RETURN_TYPE = YES_ERROR;
				GCC_WARN_UNDECLARED_SELECTOR = YES;
				GCC_WARN_UNINITIALIZED_AUTOS = YES_AGGRESSIVE;
				GCC_WARN_UNUSED_FUNCTION = YES;
				GCC_WARN_UNUSED_VARIABLE = YES;
				IPHONEOS_DEPLOYMENT_TARGET = 15.4;
				MTL_ENABLE_DEBUG_INFO = NO;
				MTL_FAST_MATH = YES;
				SDKROOT = iphoneos;
				SWIFT_COMPILATION_MODE = wholemodule;
				SWIFT_OPTIMIZATION_LEVEL = "-O";
				VALIDATE_PRODUCT = YES;
			};
			name = Release;
		};
		40926EF5282760A80027A51C /* Debug */ = {
			isa = XCBuildConfiguration;
			baseConfigurationReference = 2FDD2FCCFAF22A453104751E /* Pods-HardOffApp.debug.xcconfig */;
			buildSettings = {
				ASSETCATALOG_COMPILER_APPICON_NAME = AppIcon;
				ASSETCATALOG_COMPILER_GLOBAL_ACCENT_COLOR_NAME = AccentColor;
				CODE_SIGN_STYLE = Automatic;
				CURRENT_PROJECT_VERSION = 1.0.0;
				DEVELOPMENT_TEAM = L6Q3MJXV23;
				GENERATE_INFOPLIST_FILE = YES;
				INFOPLIST_FILE = HardOffApp/Info.plist;
				INFOPLIST_KEY_CFBundleDisplayName = "はーどおふ";
				INFOPLIST_KEY_NSLocationUsageDescription = "ユーザの現在位置を取得します(本番では詳細に記載する)";
				INFOPLIST_KEY_NSLocationWhenInUseUsageDescription = "ユーザの現在位置を取得します(本番では詳細に記載する)";
				INFOPLIST_KEY_UIApplicationSupportsIndirectInputEvents = YES;
				INFOPLIST_KEY_UILaunchStoryboardName = LaunchScreen;
				INFOPLIST_KEY_UIMainStoryboardFile = Main;
				INFOPLIST_KEY_UISupportedInterfaceOrientations = UIInterfaceOrientationPortrait;
				INFOPLIST_KEY_UISupportedInterfaceOrientations_iPad = "UIInterfaceOrientationPortrait UIInterfaceOrientationPortraitUpsideDown UIInterfaceOrientationLandscapeLeft UIInterfaceOrientationLandscapeRight";
				INFOPLIST_KEY_UISupportedInterfaceOrientations_iPhone = "UIInterfaceOrientationPortrait UIInterfaceOrientationLandscapeLeft UIInterfaceOrientationLandscapeRight";
				IPHONEOS_DEPLOYMENT_TARGET = 14.0;
				LD_RUNPATH_SEARCH_PATHS = (
					"$(inherited)",
					"@executable_path/Frameworks",
				);
				MARKETING_VERSION = 1.0.0;
				PRODUCT_BUNDLE_IDENTIFIER = "com.masa4y44-.masaya.nakakuki.HardOffApp";
				PRODUCT_NAME = "$(TARGET_NAME)";
				SWIFT_EMIT_LOC_STRINGS = YES;
				SWIFT_VERSION = 5.0;
				TARGETED_DEVICE_FAMILY = 1;
			};
			name = Debug;
		};
		40926EF6282760A80027A51C /* Release */ = {
			isa = XCBuildConfiguration;
			baseConfigurationReference = 6155C08BE4CB27FC365BFB04 /* Pods-HardOffApp.release.xcconfig */;
			buildSettings = {
				ASSETCATALOG_COMPILER_APPICON_NAME = AppIcon;
				ASSETCATALOG_COMPILER_GLOBAL_ACCENT_COLOR_NAME = AccentColor;
				CODE_SIGN_STYLE = Automatic;
				CURRENT_PROJECT_VERSION = 1.0.0;
				DEVELOPMENT_TEAM = L6Q3MJXV23;
				GENERATE_INFOPLIST_FILE = YES;
				INFOPLIST_FILE = HardOffApp/Info.plist;
				INFOPLIST_KEY_CFBundleDisplayName = "はーどおふ";
				INFOPLIST_KEY_NSLocationUsageDescription = "ユーザの現在位置を取得します(本番では詳細に記載する)";
				INFOPLIST_KEY_NSLocationWhenInUseUsageDescription = "ユーザの現在位置を取得します(本番では詳細に記載する)";
				INFOPLIST_KEY_UIApplicationSupportsIndirectInputEvents = YES;
				INFOPLIST_KEY_UILaunchStoryboardName = LaunchScreen;
				INFOPLIST_KEY_UIMainStoryboardFile = Main;
				INFOPLIST_KEY_UISupportedInterfaceOrientations = UIInterfaceOrientationPortrait;
				INFOPLIST_KEY_UISupportedInterfaceOrientations_iPad = "UIInterfaceOrientationPortrait UIInterfaceOrientationPortraitUpsideDown UIInterfaceOrientationLandscapeLeft UIInterfaceOrientationLandscapeRight";
				INFOPLIST_KEY_UISupportedInterfaceOrientations_iPhone = "UIInterfaceOrientationPortrait UIInterfaceOrientationLandscapeLeft UIInterfaceOrientationLandscapeRight";
				IPHONEOS_DEPLOYMENT_TARGET = 14.0;
				LD_RUNPATH_SEARCH_PATHS = (
					"$(inherited)",
					"@executable_path/Frameworks",
				);
				MARKETING_VERSION = 1.0.0;
				PRODUCT_BUNDLE_IDENTIFIER = "com.masa4y44-.masaya.nakakuki.HardOffApp";
				PRODUCT_NAME = "$(TARGET_NAME)";
				SWIFT_EMIT_LOC_STRINGS = YES;
				SWIFT_VERSION = 5.0;
				TARGETED_DEVICE_FAMILY = 1;
			};
			name = Release;
		};
/* End XCBuildConfiguration section */

/* Begin XCConfigurationList section */
		40926EDB282760A80027A51C /* Build configuration list for PBXProject "HardOffApp" */ = {
			isa = XCConfigurationList;
			buildConfigurations = (
				40926EF2282760A80027A51C /* Debug */,
				40926EF3282760A80027A51C /* Release */,
			);
			defaultConfigurationIsVisible = 0;
			defaultConfigurationName = Release;
		};
		40926EF4282760A80027A51C /* Build configuration list for PBXNativeTarget "HardOffApp" */ = {
			isa = XCConfigurationList;
			buildConfigurations = (
				40926EF5282760A80027A51C /* Debug */,
				40926EF6282760A80027A51C /* Release */,
			);
			defaultConfigurationIsVisible = 0;
			defaultConfigurationName = Release;
		};
/* End XCConfigurationList section */
	};
	rootObject = 40926ED8282760A80027A51C /* Project object */;
}
